// !$*UTF8*$!
{
	archiveVersion = 1;
	classes = {
	};
	objectVersion = 46;
	objects = {

/* Begin PBXBuildFile section */
		B1A600CF16E715B500406867 /* UIKit.framework in Frameworks */ = {isa = PBXBuildFile; fileRef = B1A600CE16E715B500406867 /* UIKit.framework */; };
		B1A600D116E715B500406867 /* Foundation.framework in Frameworks */ = {isa = PBXBuildFile; fileRef = B1A600D016E715B500406867 /* Foundation.framework */; };
		B1A600D316E715B500406867 /* CoreGraphics.framework in Frameworks */ = {isa = PBXBuildFile; fileRef = B1A600D216E715B500406867 /* CoreGraphics.framework */; };
		B1A600D916E715B500406867 /* InfoPlist.strings in Resources */ = {isa = PBXBuildFile; fileRef = B1A600D716E715B500406867 /* InfoPlist.strings */; };
		B1A600DB16E715B500406867 /* main.m in Sources */ = {isa = PBXBuildFile; fileRef = B1A600DA16E715B500406867 /* main.m */; };
		B1A600DF16E715B500406867 /* AppDelegate.m in Sources */ = {isa = PBXBuildFile; fileRef = B1A600DE16E715B500406867 /* AppDelegate.m */; };
		B1A600E116E715B500406867 /* Default.png in Resources */ = {isa = PBXBuildFile; fileRef = B1A600E016E715B500406867 /* Default.png */; };
		B1A600E316E715B500406867 /* Default@2x.png in Resources */ = {isa = PBXBuildFile; fileRef = B1A600E216E715B500406867 /* Default@2x.png */; };
		B1A600E516E715B500406867 /* Default-568h@2x.png in Resources */ = {isa = PBXBuildFile; fileRef = B1A600E416E715B500406867 /* Default-568h@2x.png */; };
		B1A600E816E715B500406867 /* ViewController.m in Sources */ = {isa = PBXBuildFile; fileRef = B1A600E716E715B500406867 /* ViewController.m */; };
		B1A600EB16E715B500406867 /* ViewController.xib in Resources */ = {isa = PBXBuildFile; fileRef = B1A600E916E715B500406867 /* ViewController.xib */; };
/* End PBXBuildFile section */

/* Begin PBXFileReference section */
		B1A600CB16E715B500406867 /* TripApp.app */ = {isa = PBXFileReference; explicitFileType = wrapper.application; includeInIndex = 0; path = TripApp.app; sourceTree = BUILT_PRODUCTS_DIR; };
		B1A600CE16E715B500406867 /* UIKit.framework */ = {isa = PBXFileReference; lastKnownFileType = wrapper.framework; name = UIKit.framework; path = System/Library/Frameworks/UIKit.framework; sourceTree = SDKROOT; };
		B1A600D016E715B500406867 /* Foundation.framework */ = {isa = PBXFileReference; lastKnownFileType = wrapper.framework; name = Foundation.framework; path = System/Library/Frameworks/Foundation.framework; sourceTree = SDKROOT; };
		B1A600D216E715B500406867 /* CoreGraphics.framework */ = {isa = PBXFileReference; lastKnownFileType = wrapper.framework; name = CoreGraphics.framework; path = System/Library/Frameworks/CoreGraphics.framework; sourceTree = SDKROOT; };
		B1A600D616E715B500406867 /* TripApp-Info.plist */ = {isa = PBXFileReference; lastKnownFileType = text.plist.xml; path = "TripApp-Info.plist"; sourceTree = "<group>"; };
		B1A600D816E715B500406867 /* en */ = {isa = PBXFileReference; lastKnownFileType = text.plist.strings; name = en; path = en.lproj/InfoPlist.strings; sourceTree = "<group>"; };
		B1A600DA16E715B500406867 /* main.m */ = {isa = PBXFileReference; lastKnownFileType = sourcecode.c.objc; path = main.m; sourceTree = "<group>"; };
		B1A600DC16E715B500406867 /* TripApp-Prefix.pch */ = {isa = PBXFileReference; lastKnownFileType = sourcecode.c.h; path = "TripApp-Prefix.pch"; sourceTree = "<group>"; };
		B1A600DD16E715B500406867 /* AppDelegate.h */ = {isa = PBXFileReference; lastKnownFileType = sourcecode.c.h; path = AppDelegate.h; sourceTree = "<group>"; };
		B1A600DE16E715B500406867 /* AppDelegate.m */ = {isa = PBXFileReference; lastKnownFileType = sourcecode.c.objc; path = AppDelegate.m; sourceTree = "<group>"; };
		B1A600E016E715B500406867 /* Default.png */ = {isa = PBXFileReference; lastKnownFileType = image.png; path = Default.png; sourceTree = "<group>"; };
		B1A600E216E715B500406867 /* Default@2x.png */ = {isa = PBXFileReference; lastKnownFileType = image.png; path = "Default@2x.png"; sourceTree = "<group>"; };
		B1A600E416E715B500406867 /* Default-568h@2x.png */ = {isa = PBXFileReference; lastKnownFileType = image.png; path = "Default-568h@2x.png"; sourceTree = "<group>"; };
		B1A600E616E715B500406867 /* ViewController.h */ = {isa = PBXFileReference; lastKnownFileType = sourcecode.c.h; path = ViewController.h; sourceTree = "<group>"; };
		B1A600E716E715B500406867 /* ViewController.m */ = {isa = PBXFileReference; lastKnownFileType = sourcecode.c.objc; path = ViewController.m; sourceTree = "<group>"; };
		B1A600EA16E715B500406867 /* en */ = {isa = PBXFileReference; lastKnownFileType = file.xib; name = en; path = en.lproj/ViewController.xib; sourceTree = "<group>"; };
/* End PBXFileReference section */

/* Begin PBXFrameworksBuildPhase section */
		B1A600C816E715B500406867 /* Frameworks */ = {
			isa = PBXFrameworksBuildPhase;
			buildActionMask = 2147483647;
			files = (
				B1A600CF16E715B500406867 /* UIKit.framework in Frameworks */,
				B1A600D116E715B500406867 /* Foundation.framework in Frameworks */,
				B1A600D316E715B500406867 /* CoreGraphics.framework in Frameworks */,
			);
			runOnlyForDeploymentPostprocessing = 0;
		};
/* End PBXFrameworksBuildPhase section */

/* Begin PBXGroup section */
		B1A600C216E715B500406867 = {
			isa = PBXGroup;
			children = (
				B1A600D416E715B500406867 /* TripApp */,
				B1A600CD16E715B500406867 /* Frameworks */,
				B1A600CC16E715B500406867 /* Products */,
			);
			sourceTree = "<group>";
		};
		B1A600CC16E715B500406867 /* Products */ = {
			isa = PBXGroup;
			children = (
				B1A600CB16E715B500406867 /* TripApp.app */,
			);
			name = Products;
			sourceTree = "<group>";
		};
		B1A600CD16E715B500406867 /* Frameworks */ = {
			isa = PBXGroup;
			children = (
				B1A600CE16E715B500406867 /* UIKit.framework */,
				B1A600D016E715B500406867 /* Foundation.framework */,
				B1A600D216E715B500406867 /* CoreGraphics.framework */,
			);
			name = Frameworks;
			sourceTree = "<group>";
		};
		B1A600D416E715B500406867 /* TripApp */ = {
			isa = PBXGroup;
			children = (
				B1A600DD16E715B500406867 /* AppDelegate.h */,
				B1A600DE16E715B500406867 /* AppDelegate.m */,
				B1A600E616E715B500406867 /* ViewController.h */,
				B1A600E716E715B500406867 /* ViewController.m */,
				B1A600E916E715B500406867 /* ViewController.xib */,
				B1A600D516E715B500406867 /* Supporting Files */,
			);
			path = TripApp;
			sourceTree = "<group>";
		};
		B1A600D516E715B500406867 /* Supporting Files */ = {
			isa = PBXGroup;
			children = (
				B1A600D616E715B500406867 /* TripApp-Info.plist */,
				B1A600D716E715B500406867 /* InfoPlist.strings */,
				B1A600DA16E715B500406867 /* main.m */,
				B1A600DC16E715B500406867 /* TripApp-Prefix.pch */,
				B1A600E016E715B500406867 /* Default.png */,
				B1A600E216E715B500406867 /* Default@2x.png */,
				B1A600E416E715B500406867 /* Default-568h@2x.png */,
			);
			name = "Supporting Files";
			sourceTree = "<group>";
		};
/* End PBXGroup section */

/* Begin PBXNativeTarget section */
		B1A600CA16E715B500406867 /* TripApp */ = {
			isa = PBXNativeTarget;
			buildConfigurationList = B1A600EE16E715B500406867 /* Build configuration list for PBXNativeTarget "TripApp" */;
			buildPhases = (
				B1A600C716E715B500406867 /* Sources */,
				B1A600C816E715B500406867 /* Frameworks */,
				B1A600C916E715B500406867 /* Resources */,
			);
			buildRules = (
			);
			dependencies = (
			);
			name = TripApp;
			productName = TripApp;
			productReference = B1A600CB16E715B500406867 /* TripApp.app */;
			productType = "com.apple.product-type.application";
		};
/* End PBXNativeTarget section */

/* Begin PBXProject section */
		B1A600C316E715B500406867 /* Project object */ = {
			isa = PBXProject;
			attributes = {
				LastUpgradeCheck = 0460;
				ORGANIZATIONNAME = "Kaushik Lohia";
			};
			buildConfigurationList = B1A600C616E715B500406867 /* Build configuration list for PBXProject "TripApp" */;
			compatibilityVersion = "Xcode 3.2";
			developmentRegion = English;
			hasScannedForEncodings = 0;
			knownRegions = (
				en,
			);
			mainGroup = B1A600C216E715B500406867;
			productRefGroup = B1A600CC16E715B500406867 /* Products */;
			projectDirPath = "";
			projectRoot = "";
			targets = (
				B1A600CA16E715B500406867 /* TripApp */,
			);
		};
/* End PBXProject section */

/* Begin PBXResourcesBuildPhase section */
		B1A600C916E715B500406867 /* Resources */ = {
			isa = PBXResourcesBuildPhase;
			buildActionMask = 2147483647;
			files = (
				B1A600D916E715B500406867 /* InfoPlist.strings in Resources */,
				B1A600E116E715B500406867 /* Default.png in Resources */,
				B1A600E316E715B500406867 /* Default@2x.png in Resources */,
				B1A600E516E715B500406867 /* Default-568h@2x.png in Resources */,
				B1A600EB16E715B500406867 /* ViewController.xib in Resources */,
			);
			runOnlyForDeploymentPostprocessing = 0;
		};
/* End PBXResourcesBuildPhase section */

/* Begin PBXSourcesBuildPhase section */
		B1A600C716E715B500406867 /* Sources */ = {
			isa = PBXSourcesBuildPhase;
			buildActionMask = 2147483647;
			files = (
				B1A600DB16E715B500406867 /* main.m in Sources */,
				B1A600DF16E715B500406867 /* AppDelegate.m in Sources */,
				B1A600E816E715B500406867 /* ViewController.m in Sources */,
			);
			runOnlyForDeploymentPostprocessing = 0;
		};
/* End PBXSourcesBuildPhase section */

/* Begin PBXVariantGroup section */
		B1A600D716E715B500406867 /* InfoPlist.strings */ = {
			isa = PBXVariantGroup;
			children = (
				B1A600D816E715B500406867 /* en */,
			);
			name = InfoPlist.strings;
			sourceTree = "<group>";
		};
		B1A600E916E715B500406867 /* ViewController.xib */ = {
			isa = PBXVariantGroup;
			children = (
				B1A600EA16E715B500406867 /* en */,
			);
			name = ViewController.xib;
			sourceTree = "<group>";
		};
/* End PBXVariantGroup section */

/* Begin XCBuildConfiguration section */
		B1A600EC16E715B500406867 /* Debug */ = {
			isa = XCBuildConfiguration;
			buildSettings = {
				ALWAYS_SEARCH_USER_PATHS = NO;
				CLANG_CXX_LANGUAGE_STANDARD = "gnu++0x";
				CLANG_CXX_LIBRARY = "libc++";
				CLANG_WARN_CONSTANT_CONVERSION = YES;
				CLANG_WARN_EMPTY_BODY = YES;
				CLANG_WARN_ENUM_CONVERSION = YES;
				CLANG_WARN_INT_CONVERSION = YES;
				CLANG_WARN__DUPLICATE_METHOD_MATCH = YES;
				"CODE_SIGN_IDENTITY[sdk=iphoneos*]" = "iPhone Developer";
				COPY_PHASE_STRIP = NO;
				GCC_C_LANGUAGE_STANDARD = gnu99;
				GCC_DYNAMIC_NO_PIC = NO;
				GCC_OPTIMIZATION_LEVEL = 0;
				GCC_PREPROCESSOR_DEFINITIONS = (
					"DEBUG=1",
					"$(inherited)",
				);
				GCC_SYMBOLS_PRIVATE_EXTERN = NO;
				GCC_WARN_ABOUT_RETURN_TYPE = YES;
				GCC_WARN_UNINITIALIZED_AUTOS = YES;
				GCC_WARN_UNUSED_VARIABLE = YES;
				IPHONEOS_DEPLOYMENT_TARGET = 6.1;
				ONLY_ACTIVE_ARCH = YES;
				SDKROOT = iphoneos;
			};
			name = Debug;
		};
		B1A600ED16E715B500406867 /* Release */ = {
			isa = XCBuildConfiguration;
			buildSettings = {
				ALWAYS_SEARCH_USER_PATHS = NO;
				CLANG_CXX_LANGUAGE_STANDARD = "gnu++0x";
				CLANG_CXX_LIBRARY = "libc++";
				CLANG_WARN_CONSTANT_CONVERSION = YES;
				CLANG_WARN_EMPTY_BODY = YES;
				CLANG_WARN_ENUM_CONVERSION = YES;
				CLANG_WARN_INT_CONVERSION = YES;
				CLANG_WARN__DUPLICATE_METHOD_MATCH = YES;
				"CODE_SIGN_IDENTITY[sdk=iphoneos*]" = "iPhone Developer";
				COPY_PHASE_STRIP = YES;
				GCC_C_LANGUAGE_STANDARD = gnu99;
				GCC_WARN_ABOUT_RETURN_TYPE = YES;
				GCC_WARN_UNINITIALIZED_AUTOS = YES;
				GCC_WARN_UNUSED_VARIABLE = YES;
				IPHONEOS_DEPLOYMENT_TARGET = 6.1;
				OTHER_CFLAGS = "-DNS_BLOCK_ASSERTIONS=1";
				SDKROOT = iphoneos;
				VALIDATE_PRODUCT = YES;
			};
			name = Release;
		};
		B1A600EF16E715B500406867 /* Debug */ = {
			isa = XCBuildConfiguration;
			buildSettings = {
				GCC_PRECOMPILE_PREFIX_HEADER = YES;
				GCC_PREFIX_HEADER = "TripApp/TripApp-Prefix.pch";
				INFOPLIST_FILE = "TripApp/TripApp-Info.plist";
				PRODUCT_NAME = "$(TARGET_NAME)";
				WRAPPER_EXTENSION = app;
			};
			name = Debug;
		};
		B1A600F016E715B500406867 /* Release */ = {
			isa = XCBuildConfiguration;
			buildSettings = {
				GCC_PRECOMPILE_PREFIX_HEADER = YES;
				GCC_PREFIX_HEADER = "TripApp/TripApp-Prefix.pch";
				INFOPLIST_FILE = "TripApp/TripApp-Info.plist";
				PRODUCT_NAME = "$(TARGET_NAME)";
				WRAPPER_EXTENSION = app;
			};
			name = Release;
		};
/* End XCBuildConfiguration section */

/* Begin XCConfigurationList section */
		B1A600C616E715B500406867 /* Build configuration list for PBXProject "TripApp" */ = {
			isa = XCConfigurationList;
			buildConfigurations = (
				B1A600EC16E715B500406867 /* Debug */,
				B1A600ED16E715B500406867 /* Release */,
			);
			defaultConfigurationIsVisible = 0;
			defaultConfigurationName = Release;
		};
		B1A600EE16E715B500406867 /* Build configuration list for PBXNativeTarget "TripApp" */ = {
			isa = XCConfigurationList;
			buildConfigurations = (
				B1A600EF16E715B500406867 /* Debug */,
				B1A600F016E715B500406867 /* Release */,
			);
			defaultConfigurationIsVisible = 0;
		};
/* End XCConfigurationList section */
	};
	rootObject = B1A600C316E715B500406867 /* Project object */;
}
